// !$*UTF8*$!
{
	archiveVersion = 1;
	classes = {
	};
	objectVersion = 56;
	objects = {

/* Begin PBXBuildFile section */
		4C01AB182924D36400C1729C /* EditRecipeSheetView.swift in Sources */ = {isa = PBXBuildFile; fileRef = 4C01AB172924D36400C1729C /* EditRecipeSheetView.swift */; };
		4C104132292CC92E009F000C /* EditSingleIngredientView.swift in Sources */ = {isa = PBXBuildFile; fileRef = 4C104131292CC92E009F000C /* EditSingleIngredientView.swift */; };
		4C22715A2923D2330059EBEE /* RecipeCardView.swift in Sources */ = {isa = PBXBuildFile; fileRef = 4C2271592923D2330059EBEE /* RecipeCardView.swift */; };
		4C22715C2923F0D10059EBEE /* RecipeFullScreenView.swift in Sources */ = {isa = PBXBuildFile; fileRef = 4C22715B2923F0D10059EBEE /* RecipeFullScreenView.swift */; };
		4C22715F2923F67D0059EBEE /* WrappingHStack in Frameworks */ = {isa = PBXBuildFile; productRef = 4C22715E2923F67D0059EBEE /* WrappingHStack */; };
		4C2271612924143E0059EBEE /* Extensions.swift in Sources */ = {isa = PBXBuildFile; fileRef = 4C2271602924143E0059EBEE /* Extensions.swift */; };
		4C227164292415C40059EBEE /* RecipeData.swift in Sources */ = {isa = PBXBuildFile; fileRef = 4C227163292415C40059EBEE /* RecipeData.swift */; };
		4C387AA229252766005D9F2A /* SingleIngredientView.swift in Sources */ = {isa = PBXBuildFile; fileRef = 4C387AA129252766005D9F2A /* SingleIngredientView.swift */; };
		4C387AA529252E52005D9F2A /* IngredientsStack.swift in Sources */ = {isa = PBXBuildFile; fileRef = 4C387AA429252E52005D9F2A /* IngredientsStack.swift */; };
		4CF229BA2923974E004E8117 /* SimplissimoApp.swift in Sources */ = {isa = PBXBuildFile; fileRef = 4CF229B92923974E004E8117 /* SimplissimoApp.swift */; };
		4CF229BC2923974E004E8117 /* HomeView.swift in Sources */ = {isa = PBXBuildFile; fileRef = 4CF229BB2923974E004E8117 /* HomeView.swift */; };
		4CF229BE2923974F004E8117 /* Assets.xcassets in Resources */ = {isa = PBXBuildFile; fileRef = 4CF229BD2923974F004E8117 /* Assets.xcassets */; };
		4CF229C12923974F004E8117 /* Preview Assets.xcassets in Resources */ = {isa = PBXBuildFile; fileRef = 4CF229C02923974F004E8117 /* Preview Assets.xcassets */; };
/* End PBXBuildFile section */

/* Begin PBXFileReference section */
		4C01AB172924D36400C1729C /* EditRecipeSheetView.swift */ = {isa = PBXFileReference; lastKnownFileType = sourcecode.swift; path = EditRecipeSheetView.swift; sourceTree = "<group>"; };
		4C104131292CC92E009F000C /* EditSingleIngredientView.swift */ = {isa = PBXFileReference; lastKnownFileType = sourcecode.swift; path = EditSingleIngredientView.swift; sourceTree = "<group>"; };
		4C2271592923D2330059EBEE /* RecipeCardView.swift */ = {isa = PBXFileReference; lastKnownFileType = sourcecode.swift; path = RecipeCardView.swift; sourceTree = "<group>"; };
		4C22715B2923F0D10059EBEE /* RecipeFullScreenView.swift */ = {isa = PBXFileReference; lastKnownFileType = sourcecode.swift; path = RecipeFullScreenView.swift; sourceTree = "<group>"; };
		4C2271602924143E0059EBEE /* Extensions.swift */ = {isa = PBXFileReference; lastKnownFileType = sourcecode.swift; path = Extensions.swift; sourceTree = "<group>"; };
		4C227163292415C40059EBEE /* RecipeData.swift */ = {isa = PBXFileReference; lastKnownFileType = sourcecode.swift; path = RecipeData.swift; sourceTree = "<group>"; };
		4C387AA129252766005D9F2A /* SingleIngredientView.swift */ = {isa = PBXFileReference; lastKnownFileType = sourcecode.swift; path = SingleIngredientView.swift; sourceTree = "<group>"; };
		4C387AA429252E52005D9F2A /* IngredientsStack.swift */ = {isa = PBXFileReference; lastKnownFileType = sourcecode.swift; path = IngredientsStack.swift; sourceTree = "<group>"; };
		4CF229B62923974E004E8117 /* Simplissimo.app */ = {isa = PBXFileReference; explicitFileType = wrapper.application; includeInIndex = 0; path = Simplissimo.app; sourceTree = BUILT_PRODUCTS_DIR; };
		4CF229B92923974E004E8117 /* SimplissimoApp.swift */ = {isa = PBXFileReference; lastKnownFileType = sourcecode.swift; path = SimplissimoApp.swift; sourceTree = "<group>"; };
		4CF229BB2923974E004E8117 /* HomeView.swift */ = {isa = PBXFileReference; lastKnownFileType = sourcecode.swift; path = HomeView.swift; sourceTree = "<group>"; };
		4CF229BD2923974F004E8117 /* Assets.xcassets */ = {isa = PBXFileReference; lastKnownFileType = folder.assetcatalog; path = Assets.xcassets; sourceTree = "<group>"; };
		4CF229C02923974F004E8117 /* Preview Assets.xcassets */ = {isa = PBXFileReference; lastKnownFileType = folder.assetcatalog; path = "Preview Assets.xcassets"; sourceTree = "<group>"; };
		4CF229C729239973004E8117 /* NOTES.md */ = {isa = PBXFileReference; lastKnownFileType = net.daringfireball.markdown; path = NOTES.md; sourceTree = "<group>"; };
/* End PBXFileReference section */

/* Begin PBXFrameworksBuildPhase section */
		4CF229B32923974E004E8117 /* Frameworks */ = {
			isa = PBXFrameworksBuildPhase;
			buildActionMask = 2147483647;
			files = (
				4C22715F2923F67D0059EBEE /* WrappingHStack in Frameworks */,
			);
			runOnlyForDeploymentPostprocessing = 0;
		};
/* End PBXFrameworksBuildPhase section */

/* Begin PBXGroup section */
		4C227162292415830059EBEE /* Views */ = {
			isa = PBXGroup;
			children = (
				4CF229BB2923974E004E8117 /* HomeView.swift */,
				4C22715B2923F0D10059EBEE /* RecipeFullScreenView.swift */,
				4C01AB172924D36400C1729C /* EditRecipeSheetView.swift */,
				4C104131292CC92E009F000C /* EditSingleIngredientView.swift */,
				4C387AA32925276C005D9F2A /* UI Components */,
			);
			path = Views;
			sourceTree = "<group>";
		};
		4C227165292415C90059EBEE /* Data */ = {
			isa = PBXGroup;
			children = (
				4C227163292415C40059EBEE /* RecipeData.swift */,
			);
			path = Data;
			sourceTree = "<group>";
		};
		4C387AA32925276C005D9F2A /* UI Components */ = {
			isa = PBXGroup;
			children = (
				4C387AA129252766005D9F2A /* SingleIngredientView.swift */,
				4C2271592923D2330059EBEE /* RecipeCardView.swift */,
				4C387AA429252E52005D9F2A /* IngredientsStack.swift */,
			);
			path = "UI Components";
			sourceTree = "<group>";
		};
		4CF229AD2923974E004E8117 = {
			isa = PBXGroup;
			children = (
				4CF229B82923974E004E8117 /* Simplissimo */,
				4CF229B72923974E004E8117 /* Products */,
			);
			sourceTree = "<group>";
		};
		4CF229B72923974E004E8117 /* Products */ = {
			isa = PBXGroup;
			children = (
				4CF229B62923974E004E8117 /* Simplissimo.app */,
			);
			name = Products;
			sourceTree = "<group>";
		};
		4CF229B82923974E004E8117 /* Simplissimo */ = {
			isa = PBXGroup;
			children = (
				4CF229B92923974E004E8117 /* SimplissimoApp.swift */,
				4CF229C729239973004E8117 /* NOTES.md */,
				4C227162292415830059EBEE /* Views */,
				4C227165292415C90059EBEE /* Data */,
				4CF229BF2923974F004E8117 /* Preview Content */,
				4CF229BD2923974F004E8117 /* Assets.xcassets */,
				4C2271602924143E0059EBEE /* Extensions.swift */,
			);
			path = Simplissimo;
			sourceTree = "<group>";
		};
		4CF229BF2923974F004E8117 /* Preview Content */ = {
			isa = PBXGroup;
			children = (
				4CF229C02923974F004E8117 /* Preview Assets.xcassets */,
			);
			path = "Preview Content";
			sourceTree = "<group>";
		};
/* End PBXGroup section */

/* Begin PBXNativeTarget section */
		4CF229B52923974E004E8117 /* Simplissimo */ = {
			isa = PBXNativeTarget;
			buildConfigurationList = 4CF229C42923974F004E8117 /* Build configuration list for PBXNativeTarget "Simplissimo" */;
			buildPhases = (
				4CF229B22923974E004E8117 /* Sources */,
				4CF229B32923974E004E8117 /* Frameworks */,
				4CF229B42923974E004E8117 /* Resources */,
			);
			buildRules = (
			);
			dependencies = (
			);
			name = Simplissimo;
			packageProductDependencies = (
				4C22715E2923F67D0059EBEE /* WrappingHStack */,
			);
			productName = Simplissimo;
			productReference = 4CF229B62923974E004E8117 /* Simplissimo.app */;
			productType = "com.apple.product-type.application";
		};
/* End PBXNativeTarget section */

/* Begin PBXProject section */
		4CF229AE2923974E004E8117 /* Project object */ = {
			isa = PBXProject;
			attributes = {
				BuildIndependentTargetsInParallel = 1;
				LastSwiftUpdateCheck = 1410;
				LastUpgradeCheck = 1410;
				TargetAttributes = {
					4CF229B52923974E004E8117 = {
						CreatedOnToolsVersion = 14.1;
					};
				};
			};
			buildConfigurationList = 4CF229B12923974E004E8117 /* Build configuration list for PBXProject "Simplissimo" */;
			compatibilityVersion = "Xcode 14.0";
			developmentRegion = en;
			hasScannedForEncodings = 0;
			knownRegions = (
				en,
				Base,
			);
			mainGroup = 4CF229AD2923974E004E8117;
			packageReferences = (
				4C22715D2923F67D0059EBEE /* XCRemoteSwiftPackageReference "WrappingHStack" */,
			);
			productRefGroup = 4CF229B72923974E004E8117 /* Products */;
			projectDirPath = "";
			projectRoot = "";
			targets = (
				4CF229B52923974E004E8117 /* Simplissimo */,
			);
		};
/* End PBXProject section */

/* Begin PBXResourcesBuildPhase section */
		4CF229B42923974E004E8117 /* Resources */ = {
			isa = PBXResourcesBuildPhase;
			buildActionMask = 2147483647;
			files = (
				4CF229C12923974F004E8117 /* Preview Assets.xcassets in Resources */,
				4CF229BE2923974F004E8117 /* Assets.xcassets in Resources */,
			);
			runOnlyForDeploymentPostprocessing = 0;
		};
/* End PBXResourcesBuildPhase section */

/* Begin PBXSourcesBuildPhase section */
		4CF229B22923974E004E8117 /* Sources */ = {
			isa = PBXSourcesBuildPhase;
			buildActionMask = 2147483647;
			files = (
				4C104132292CC92E009F000C /* EditSingleIngredientView.swift in Sources */,
				4C2271612924143E0059EBEE /* Extensions.swift in Sources */,
				4C387AA529252E52005D9F2A /* IngredientsStack.swift in Sources */,
				4CF229BC2923974E004E8117 /* HomeView.swift in Sources */,
				4CF229BA2923974E004E8117 /* SimplissimoApp.swift in Sources */,
				4C387AA229252766005D9F2A /* SingleIngredientView.swift in Sources */,
				4C01AB182924D36400C1729C /* EditRecipeSheetView.swift in Sources */,
				4C227164292415C40059EBEE /* RecipeData.swift in Sources */,
				4C22715A2923D2330059EBEE /* RecipeCardView.swift in Sources */,
				4C22715C2923F0D10059EBEE /* RecipeFullScreenView.swift in Sources */,
			);
			runOnlyForDeploymentPostprocessing = 0;
		};
/* End PBXSourcesBuildPhase section */

/* Begin XCBuildConfiguration section */
		4CF229C22923974F004E8117 /* Debug */ = {
			isa = XCBuildConfiguration;
			buildSettings = {
				ALWAYS_SEARCH_USER_PATHS = NO;
				CLANG_ANALYZER_NONNULL = YES;
				CLANG_ANALYZER_NUMBER_OBJECT_CONVERSION = YES_AGGRESSIVE;
				CLANG_CXX_LANGUAGE_STANDARD = "gnu++20";
				CLANG_ENABLE_MODULES = YES;
				CLANG_ENABLE_OBJC_ARC = YES;
				CLANG_ENABLE_OBJC_WEAK = YES;
				CLANG_WARN_BLOCK_CAPTURE_AUTORELEASING = YES;
				CLANG_WARN_BOOL_CONVERSION = YES;
				CLANG_WARN_COMMA = YES;
				CLANG_WARN_CONSTANT_CONVERSION = YES;
				CLANG_WARN_DEPRECATED_OBJC_IMPLEMENTATIONS = YES;
				CLANG_WARN_DIRECT_OBJC_ISA_USAGE = YES_ERROR;
				CLANG_WARN_DOCUMENTATION_COMMENTS = YES;
				CLANG_WARN_EMPTY_BODY = YES;
				CLANG_WARN_ENUM_CONVERSION = YES;
				CLANG_WARN_INFINITE_RECURSION = YES;
				CLANG_WARN_INT_CONVERSION = YES;
				CLANG_WARN_NON_LITERAL_NULL_CONVERSION = YES;
				CLANG_WARN_OBJC_IMPLICIT_RETAIN_SELF = YES;
				CLANG_WARN_OBJC_LITERAL_CONVERSION = YES;
				CLANG_WARN_OBJC_ROOT_CLASS = YES_ERROR;
				CLANG_WARN_QUOTED_INCLUDE_IN_FRAMEWORK_HEADER = YES;
				CLANG_WARN_RANGE_LOOP_ANALYSIS = YES;
				CLANG_WARN_STRICT_PROTOTYPES = YES;
				CLANG_WARN_SUSPICIOUS_MOVE = YES;
				CLANG_WARN_UNGUARDED_AVAILABILITY = YES_AGGRESSIVE;
				CLANG_WARN_UNREACHABLE_CODE = YES;
				CLANG_WARN__DUPLICATE_METHOD_MATCH = YES;
				COPY_PHASE_STRIP = NO;
				DEBUG_INFORMATION_FORMAT = dwarf;
				ENABLE_STRICT_OBJC_MSGSEND = YES;
				ENABLE_TESTABILITY = YES;
				GCC_C_LANGUAGE_STANDARD = gnu11;
				GCC_DYNAMIC_NO_PIC = NO;
				GCC_NO_COMMON_BLOCKS = YES;
				GCC_OPTIMIZATION_LEVEL = 0;
				GCC_PREPROCESSOR_DEFINITIONS = (
					"DEBUG=1",
					"$(inherited)",
				);
				GCC_WARN_64_TO_32_BIT_CONVERSION = YES;
				GCC_WARN_ABOUT_RETURN_TYPE = YES_ERROR;
				GCC_WARN_UNDECLARED_SELECTOR = YES;
				GCC_WARN_UNINITIALIZED_AUTOS = YES_AGGRESSIVE;
				GCC_WARN_UNUSED_FUNCTION = YES;
				GCC_WARN_UNUSED_VARIABLE = YES;
				IPHONEOS_DEPLOYMENT_TARGET = 16.1;
				MTL_ENABLE_DEBUG_INFO = INCLUDE_SOURCE;
				MTL_FAST_MATH = YES;
				ONLY_ACTIVE_ARCH = YES;
				SDKROOT = iphoneos;
				SWIFT_ACTIVE_COMPILATION_CONDITIONS = DEBUG;
				SWIFT_OPTIMIZATION_LEVEL = "-Onone";
			};
			name = Debug;
		};
		4CF229C32923974F004E8117 /* Release */ = {
			isa = XCBuildConfiguration;
			buildSettings = {
				ALWAYS_SEARCH_USER_PATHS = NO;
				CLANG_ANALYZER_NONNULL = YES;
				CLANG_ANALYZER_NUMBER_OBJECT_CONVERSION = YES_AGGRESSIVE;
				CLANG_CXX_LANGUAGE_STANDARD = "gnu++20";
				CLANG_ENABLE_MODULES = YES;
				CLANG_ENABLE_OBJC_ARC = YES;
				CLANG_ENABLE_OBJC_WEAK = YES;
				CLANG_WARN_BLOCK_CAPTURE_AUTORELEASING = YES;
				CLANG_WARN_BOOL_CONVERSION = YES;
				CLANG_WARN_COMMA = YES;
				CLANG_WARN_CONSTANT_CONVERSION = YES;
				CLANG_WARN_DEPRECATED_OBJC_IMPLEMENTATIONS = YES;
				CLANG_WARN_DIRECT_OBJC_ISA_USAGE = YES_ERROR;
				CLANG_WARN_DOCUMENTATION_COMMENTS = YES;
				CLANG_WARN_EMPTY_BODY = YES;
				CLANG_WARN_ENUM_CONVERSION = YES;
				CLANG_WARN_INFINITE_RECURSION = YES;
				CLANG_WARN_INT_CONVERSION = YES;
				CLANG_WARN_NON_LITERAL_NULL_CONVERSION = YES;
				CLANG_WARN_OBJC_IMPLICIT_RETAIN_SELF = YES;
				CLANG_WARN_OBJC_LITERAL_CONVERSION = YES;
				CLANG_WARN_OBJC_ROOT_CLASS = YES_ERROR;
				CLANG_WARN_QUOTED_INCLUDE_IN_FRAMEWORK_HEADER = YES;
				CLANG_WARN_RANGE_LOOP_ANALYSIS = YES;
				CLANG_WARN_STRICT_PROTOTYPES = YES;
				CLANG_WARN_SUSPICIOUS_MOVE = YES;
				CLANG_WARN_UNGUARDED_AVAILABILITY = YES_AGGRESSIVE;
				CLANG_WARN_UNREACHABLE_CODE = YES;
				CLANG_WARN__DUPLICATE_METHOD_MATCH = YES;
				COPY_PHASE_STRIP = NO;
				DEBUG_INFORMATION_FORMAT = "dwarf-with-dsym";
				ENABLE_NS_ASSERTIONS = NO;
				ENABLE_STRICT_OBJC_MSGSEND = YES;
				GCC_C_LANGUAGE_STANDARD = gnu11;
				GCC_NO_COMMON_BLOCKS = YES;
				GCC_WARN_64_TO_32_BIT_CONVERSION = YES;
				GCC_WARN_ABOUT_RETURN_TYPE = YES_ERROR;
				GCC_WARN_UNDECLARED_SELECTOR = YES;
				GCC_WARN_UNINITIALIZED_AUTOS = YES_AGGRESSIVE;
				GCC_WARN_UNUSED_FUNCTION = YES;
				GCC_WARN_UNUSED_VARIABLE = YES;
				IPHONEOS_DEPLOYMENT_TARGET = 16.1;
				MTL_ENABLE_DEBUG_INFO = NO;
				MTL_FAST_MATH = YES;
				SDKROOT = iphoneos;
				SWIFT_COMPILATION_MODE = wholemodule;
				SWIFT_OPTIMIZATION_LEVEL = "-O";
				VALIDATE_PRODUCT = YES;
			};
			name = Release;
		};
		4CF229C52923974F004E8117 /* Debug */ = {
			isa = XCBuildConfiguration;
			buildSettings = {
				ASSETCATALOG_COMPILER_APPICON_NAME = AppIcon;
				ASSETCATALOG_COMPILER_GLOBAL_ACCENT_COLOR_NAME = AccentColor;
				CODE_SIGN_STYLE = Automatic;
				CURRENT_PROJECT_VERSION = 1;
				DEVELOPMENT_ASSET_PATHS = "\"Simplissimo/Preview Content\"";
				DEVELOPMENT_TEAM = Q3P95MDH6Q;
				ENABLE_PREVIEWS = YES;
				GENERATE_INFOPLIST_FILE = YES;
				INFOPLIST_KEY_UIApplicationSceneManifest_Generation = YES;
				INFOPLIST_KEY_UIApplicationSupportsIndirectInputEvents = YES;
				INFOPLIST_KEY_UILaunchScreen_Generation = YES;
				INFOPLIST_KEY_UISupportedInterfaceOrientations_iPad = "UIInterfaceOrientationPortrait UIInterfaceOrientationPortraitUpsideDown UIInterfaceOrientationLandscapeLeft UIInterfaceOrientationLandscapeRight";
				INFOPLIST_KEY_UISupportedInterfaceOrientations_iPhone = "UIInterfaceOrientationPortrait UIInterfaceOrientationLandscapeLeft UIInterfaceOrientationLandscapeRight";
				LD_RUNPATH_SEARCH_PATHS = (
					"$(inherited)",
					"@executable_path/Frameworks",
				);
				MARKETING_VERSION = 1.0;
				PRODUCT_BUNDLE_IDENTIFIER = none.Simplissimo;
				PRODUCT_NAME = "$(TARGET_NAME)";
				SWIFT_EMIT_LOC_STRINGS = YES;
				SWIFT_VERSION = 5.0;
				TARGETED_DEVICE_FAMILY = "1,2";
			};
			name = Debug;
		};
		4CF229C62923974F004E8117 /* Release */ = {
			isa = XCBuildConfiguration;
			buildSettings = {
				ASSETCATALOG_COMPILER_APPICON_NAME = AppIcon;
				ASSETCATALOG_COMPILER_GLOBAL_ACCENT_COLOR_NAME = AccentColor;
				CODE_SIGN_STYLE = Automatic;
				CURRENT_PROJECT_VERSION = 1;
				DEVELOPMENT_ASSET_PATHS = "\"Simplissimo/Preview Content\"";
				DEVELOPMENT_TEAM = Q3P95MDH6Q;
				ENABLE_PREVIEWS = YES;
				GENERATE_INFOPLIST_FILE = YES;
				INFOPLIST_KEY_UIApplicationSceneManifest_Generation = YES;
				INFOPLIST_KEY_UIApplicationSupportsIndirectInputEvents = YES;
				INFOPLIST_KEY_UILaunchScreen_Generation = YES;
				INFOPLIST_KEY_UISupportedInterfaceOrientations_iPad = "UIInterfaceOrientationPortrait UIInterfaceOrientationPortraitUpsideDown UIInterfaceOrientationLandscapeLeft UIInterfaceOrientationLandscapeRight";
				INFOPLIST_KEY_UISupportedInterfaceOrientations_iPhone = "UIInterfaceOrientationPortrait UIInterfaceOrientationLandscapeLeft UIInterfaceOrientationLandscapeRight";
				LD_RUNPATH_SEARCH_PATHS = (
					"$(inherited)",
					"@executable_path/Frameworks",
				);
				MARKETING_VERSION = 1.0;
				PRODUCT_BUNDLE_IDENTIFIER = none.Simplissimo;
				PRODUCT_NAME = "$(TARGET_NAME)";
				SWIFT_EMIT_LOC_STRINGS = YES;
				SWIFT_VERSION = 5.0;
				TARGETED_DEVICE_FAMILY = "1,2";
			};
			name = Release;
		};
/* End XCBuildConfiguration section */

/* Begin XCConfigurationList section */
		4CF229B12923974E004E8117 /* Build configuration list for PBXProject "Simplissimo" */ = {
			isa = XCConfigurationList;
			buildConfigurations = (
				4CF229C22923974F004E8117 /* Debug */,
				4CF229C32923974F004E8117 /* Release */,
			);
			defaultConfigurationIsVisible = 0;
			defaultConfigurationName = Release;
		};
		4CF229C42923974F004E8117 /* Build configuration list for PBXNativeTarget "Simplissimo" */ = {
			isa = XCConfigurationList;
			buildConfigurations = (
				4CF229C52923974F004E8117 /* Debug */,
				4CF229C62923974F004E8117 /* Release */,
			);
			defaultConfigurationIsVisible = 0;
			defaultConfigurationName = Release;
		};
/* End XCConfigurationList section */

/* Begin XCRemoteSwiftPackageReference section */
		4C22715D2923F67D0059EBEE /* XCRemoteSwiftPackageReference "WrappingHStack" */ = {
			isa = XCRemoteSwiftPackageReference;
			repositoryURL = "https://github.com/dkk/WrappingHStack";
			requirement = {
				kind = upToNextMajorVersion;
				minimumVersion = 2.0.0;
			};
		};
/* End XCRemoteSwiftPackageReference section */

/* Begin XCSwiftPackageProductDependency section */
		4C22715E2923F67D0059EBEE /* WrappingHStack */ = {
			isa = XCSwiftPackageProductDependency;
			package = 4C22715D2923F67D0059EBEE /* XCRemoteSwiftPackageReference "WrappingHStack" */;
			productName = WrappingHStack;
		};
/* End XCSwiftPackageProductDependency section */
	};
	rootObject = 4CF229AE2923974E004E8117 /* Project object */;
}
